// !$*UTF8*$!
{
	archiveVersion = 1;
	classes = {
	};
	objectVersion = 50;
	objects = {

/* Begin PBXBuildFile section */
		29E548DB27159B1F00033FD6 /* LoginUIView.swift in Sources */ = {isa = PBXBuildFile; fileRef = 29E548DA27159B1F00033FD6 /* LoginUIView.swift */; };
		29E548DD2715DE5400033FD6 /* Item.swift in Sources */ = {isa = PBXBuildFile; fileRef = 29E548DC2715DE5400033FD6 /* Item.swift */; };
		29F2F01527026003008871B3 /* FreelancerApp.swift in Sources */ = {isa = PBXBuildFile; fileRef = 29F2F01427026003008871B3 /* FreelancerApp.swift */; };
		29F2F01727026003008871B3 /* ContentView.swift in Sources */ = {isa = PBXBuildFile; fileRef = 29F2F01627026003008871B3 /* ContentView.swift */; };
		29F2F01927026005008871B3 /* Assets.xcassets in Resources */ = {isa = PBXBuildFile; fileRef = 29F2F01827026005008871B3 /* Assets.xcassets */; };
		29F2F01C27026005008871B3 /* Preview Assets.xcassets in Resources */ = {isa = PBXBuildFile; fileRef = 29F2F01B27026005008871B3 /* Preview Assets.xcassets */; };
/* End PBXBuildFile section */

/* Begin PBXFileReference section */
		29E548DA27159B1F00033FD6 /* LoginUIView.swift */ = {isa = PBXFileReference; lastKnownFileType = sourcecode.swift; path = LoginUIView.swift; sourceTree = "<group>"; };
		29E548DC2715DE5400033FD6 /* Item.swift */ = {isa = PBXFileReference; lastKnownFileType = sourcecode.swift; path = Item.swift; sourceTree = "<group>"; };
		29F2F01127026003008871B3 /* Freelancer.app */ = {isa = PBXFileReference; explicitFileType = wrapper.application; includeInIndex = 0; path = Freelancer.app; sourceTree = BUILT_PRODUCTS_DIR; };
		29F2F01427026003008871B3 /* FreelancerApp.swift */ = {isa = PBXFileReference; lastKnownFileType = sourcecode.swift; path = FreelancerApp.swift; sourceTree = "<group>"; };
		29F2F01627026003008871B3 /* ContentView.swift */ = {isa = PBXFileReference; lastKnownFileType = sourcecode.swift; path = ContentView.swift; sourceTree = "<group>"; };
		29F2F01827026005008871B3 /* Assets.xcassets */ = {isa = PBXFileReference; lastKnownFileType = folder.assetcatalog; path = Assets.xcassets; sourceTree = "<group>"; };
		29F2F01B27026005008871B3 /* Preview Assets.xcassets */ = {isa = PBXFileReference; lastKnownFileType = folder.assetcatalog; path = "Preview Assets.xcassets"; sourceTree = "<group>"; };
		29F2F01D27026005008871B3 /* Info.plist */ = {isa = PBXFileReference; lastKnownFileType = text.plist.xml; path = Info.plist; sourceTree = "<group>"; };
/* End PBXFileReference section */

/* Begin PBXFrameworksBuildPhase section */
		29F2F00E27026003008871B3 /* Frameworks */ = {
			isa = PBXFrameworksBuildPhase;
			buildActionMask = 2147483647;
			files = (
			);
			runOnlyForDeploymentPostprocessing = 0;
		};
/* End PBXFrameworksBuildPhase section */

/* Begin PBXGroup section */
		29E548D727159A5A00033FD6 /* SwiftUI_Backend */ = {
			isa = PBXGroup;
			children = (
				29E548DC2715DE5400033FD6 /* Item.swift */,
			);
			path = SwiftUI_Backend;
			sourceTree = "<group>";
		};
		29E548D827159AF400033FD6 /* SwiftUI_Frontend */ = {
			isa = PBXGroup;
			children = (
				29E548D927159B0600033FD6 /* LoginView */,
			);
			path = SwiftUI_Frontend;
			sourceTree = "<group>";
		};
		29E548D927159B0600033FD6 /* LoginView */ = {
			isa = PBXGroup;
			children = (
				29E548DA27159B1F00033FD6 /* LoginUIView.swift */,
			);
			path = LoginView;
			sourceTree = "<group>";
		};
		29F2F00827026003008871B3 = {
			isa = PBXGroup;
			children = (
				29F2F01327026003008871B3 /* Freelancer */,
				29F2F01227026003008871B3 /* Products */,
			);
			sourceTree = "<group>";
		};
		29F2F01227026003008871B3 /* Products */ = {
			isa = PBXGroup;
			children = (
				29F2F01127026003008871B3 /* Freelancer.app */,
			);
			name = Products;
			sourceTree = "<group>";
		};
		29F2F01327026003008871B3 /* Freelancer */ = {
			isa = PBXGroup;
			children = (
				29E548D827159AF400033FD6 /* SwiftUI_Frontend */,
				29E548D727159A5A00033FD6 /* SwiftUI_Backend */,
				29F2F01427026003008871B3 /* FreelancerApp.swift */,
				29F2F01627026003008871B3 /* ContentView.swift */,
				29F2F01827026005008871B3 /* Assets.xcassets */,
				29F2F01D27026005008871B3 /* Info.plist */,
				29F2F01A27026005008871B3 /* Preview Content */,
			);
			path = Freelancer;
			sourceTree = "<group>";
		};
		29F2F01A27026005008871B3 /* Preview Content */ = {
			isa = PBXGroup;
			children = (
				29F2F01B27026005008871B3 /* Preview Assets.xcassets */,
			);
			path = "Preview Content";
			sourceTree = "<group>";
		};
/* End PBXGroup section */

/* Begin PBXNativeTarget section */
		29F2F01027026003008871B3 /* Freelancer */ = {
			isa = PBXNativeTarget;
			buildConfigurationList = 29F2F02027026005008871B3 /* Build configuration list for PBXNativeTarget "Freelancer" */;
			buildPhases = (
				29F2F00D27026003008871B3 /* Sources */,
				29F2F00E27026003008871B3 /* Frameworks */,
				29F2F00F27026003008871B3 /* Resources */,
			);
			buildRules = (
			);
			dependencies = (
			);
			name = Freelancer;
			productName = Freelancer;
			productReference = 29F2F01127026003008871B3 /* Freelancer.app */;
			productType = "com.apple.product-type.application";
		};
/* End PBXNativeTarget section */

/* Begin PBXProject section */
		29F2F00927026003008871B3 /* Project object */ = {
			isa = PBXProject;
			attributes = {
				LastSwiftUpdateCheck = 1250;
				LastUpgradeCheck = 1250;
				TargetAttributes = {
					29F2F01027026003008871B3 = {
						CreatedOnToolsVersion = 12.5.1;
					};
				};
			};
			buildConfigurationList = 29F2F00C27026003008871B3 /* Build configuration list for PBXProject "Freelancer" */;
			compatibilityVersion = "Xcode 9.3";
			developmentRegion = en;
			hasScannedForEncodings = 0;
			knownRegions = (
				en,
				Base,
			);
			mainGroup = 29F2F00827026003008871B3;
			productRefGroup = 29F2F01227026003008871B3 /* Products */;
			projectDirPath = "";
			projectRoot = "";
			targets = (
				29F2F01027026003008871B3 /* Freelancer */,
			);
		};
/* End PBXProject section */

/* Begin PBXResourcesBuildPhase section */
		29F2F00F27026003008871B3 /* Resources */ = {
			isa = PBXResourcesBuildPhase;
			buildActionMask = 2147483647;
			files = (
				29F2F01C27026005008871B3 /* Preview Assets.xcassets in Resources */,
				29F2F01927026005008871B3 /* Assets.xcassets in Resources */,
			);
			runOnlyForDeploymentPostprocessing = 0;
		};
/* End PBXResourcesBuildPhase section */

/* Begin PBXSourcesBuildPhase section */
		29F2F00D27026003008871B3 /* Sources */ = {
			isa = PBXSourcesBuildPhase;
			buildActionMask = 2147483647;
			files = (
				29E548DD2715DE5400033FD6 /* Item.swift in Sources */,
				29F2F01727026003008871B3 /* ContentView.swift in Sources */,
				29F2F01527026003008871B3 /* FreelancerApp.swift in Sources */,
				29E548DB27159B1F00033FD6 /* LoginUIView.swift in Sources */,
			);
			runOnlyForDeploymentPostprocessing = 0;
		};
/* End PBXSourcesBuildPhase section */

/* Begin XCBuildConfiguration section */
		29F2F01E27026005008871B3 /* Debug */ = {
			isa = XCBuildConfiguration;
			buildSettings = {
				ALWAYS_SEARCH_USER_PATHS = NO;
				CLANG_ANALYZER_NONNULL = YES;
				CLANG_ANALYZER_NUMBER_OBJECT_CONVERSION = YES_AGGRESSIVE;
				CLANG_CXX_LANGUAGE_STANDARD = "gnu++14";
				CLANG_CXX_LIBRARY = "libc++";
				CLANG_ENABLE_MODULES = YES;
				CLANG_ENABLE_OBJC_ARC = YES;
				CLANG_ENABLE_OBJC_WEAK = YES;
				CLANG_WARN_BLOCK_CAPTURE_AUTORELEASING = YES;
				CLANG_WARN_BOOL_CONVERSION = YES;
				CLANG_WARN_COMMA = YES;
				CLANG_WARN_CONSTANT_CONVERSION = YES;
				CLANG_WARN_DEPRECATED_OBJC_IMPLEMENTATIONS = YES;
				CLANG_WARN_DIRECT_OBJC_ISA_USAGE = YES_ERROR;
				CLANG_WARN_DOCUMENTATION_COMMENTS = YES;
				CLANG_WARN_EMPTY_BODY = YES;
				CLANG_WARN_ENUM_CONVERSION = YES;
				CLANG_WARN_INFINITE_RECURSION = YES;
				CLANG_WARN_INT_CONVERSION = YES;
				CLANG_WARN_NON_LITERAL_NULL_CONVERSION = YES;
				CLANG_WARN_OBJC_IMPLICIT_RETAIN_SELF = YES;
				CLANG_WARN_OBJC_LITERAL_CONVERSION = YES;
				CLANG_WARN_OBJC_ROOT_CLASS = YES_ERROR;
				CLANG_WARN_QUOTED_INCLUDE_IN_FRAMEWORK_HEADER = YES;
				CLANG_WARN_RANGE_LOOP_ANALYSIS = YES;
				CLANG_WARN_STRICT_PROTOTYPES = YES;
				CLANG_WARN_SUSPICIOUS_MOVE = YES;
				CLANG_WARN_UNGUARDED_AVAILABILITY = YES_AGGRESSIVE;
				CLANG_WARN_UNREACHABLE_CODE = YES;
				CLANG_WARN__DUPLICATE_METHOD_MATCH = YES;
				COPY_PHASE_STRIP = NO;
				DEBUG_INFORMATION_FORMAT = dwarf;
				ENABLE_STRICT_OBJC_MSGSEND = YES;
				ENABLE_TESTABILITY = YES;
				GCC_C_LANGUAGE_STANDARD = gnu11;
				GCC_DYNAMIC_NO_PIC = NO;
				GCC_NO_COMMON_BLOCKS = YES;
				GCC_OPTIMIZATION_LEVEL = 0;
				GCC_PREPROCESSOR_DEFINITIONS = (
					"DEBUG=1",
					"$(inherited)",
				);
				GCC_WARN_64_TO_32_BIT_CONVERSION = YES;
				GCC_WARN_ABOUT_RETURN_TYPE = YES_ERROR;
				GCC_WARN_UNDECLARED_SELECTOR = YES;
				GCC_WARN_UNINITIALIZED_AUTOS = YES_AGGRESSIVE;
				GCC_WARN_UNUSED_FUNCTION = YES;
				GCC_WARN_UNUSED_VARIABLE = YES;
				IPHONEOS_DEPLOYMENT_TARGET = 14.5;
				MTL_ENABLE_DEBUG_INFO = INCLUDE_SOURCE;
				MTL_FAST_MATH = YES;
				ONLY_ACTIVE_ARCH = YES;
				SDKROOT = iphoneos;
				SWIFT_ACTIVE_COMPILATION_CONDITIONS = DEBUG;
				SWIFT_OPTIMIZATION_LEVEL = "-Onone";
			};
			name = Debug;
		};
		29F2F01F27026005008871B3 /* Release */ = {
			isa = XCBuildConfiguration;
			buildSettings = {
				ALWAYS_SEARCH_USER_PATHS = NO;
				CLANG_ANALYZER_NONNULL = YES;
				CLANG_ANALYZER_NUMBER_OBJECT_CONVERSION = YES_AGGRESSIVE;
				CLANG_CXX_LANGUAGE_STANDARD = "gnu++14";
				CLANG_CXX_LIBRARY = "libc++";
				CLANG_ENABLE_MODULES = YES;
				CLANG_ENABLE_OBJC_ARC = YES;
				CLANG_ENABLE_OBJC_WEAK = YES;
				CLANG_WARN_BLOCK_CAPTURE_AUTORELEASING = YES;
				CLANG_WARN_BOOL_CONVERSION = YES;
				CLANG_WARN_COMMA = YES;
				CLANG_WARN_CONSTANT_CONVERSION = YES;
				CLANG_WARN_DEPRECATED_OBJC_IMPLEMENTATIONS = YES;
				CLANG_WARN_DIRECT_OBJC_ISA_USAGE = YES_ERROR;
				CLANG_WARN_DOCUMENTATION_COMMENTS = YES;
				CLANG_WARN_EMPTY_BODY = YES;
				CLANG_WARN_ENUM_CONVERSION = YES;
				CLANG_WARN_INFINITE_RECURSION = YES;
				CLANG_WARN_INT_CONVERSION = YES;
				CLANG_WARN_NON_LITERAL_NULL_CONVERSION = YES;
				CLANG_WARN_OBJC_IMPLICIT_RETAIN_SELF = YES;
				CLANG_WARN_OBJC_LITERAL_CONVERSION = YES;
				CLANG_WARN_OBJC_ROOT_CLASS = YES_ERROR;
				CLANG_WARN_QUOTED_INCLUDE_IN_FRAMEWORK_HEADER = YES;
				CLANG_WARN_RANGE_LOOP_ANALYSIS = YES;
				CLANG_WARN_STRICT_PROTOTYPES = YES;
				CLANG_WARN_SUSPICIOUS_MOVE = YES;
				CLANG_WARN_UNGUARDED_AVAILABILITY = YES_AGGRESSIVE;
				CLANG_WARN_UNREACHABLE_CODE = YES;
				CLANG_WARN__DUPLICATE_METHOD_MATCH = YES;
				COPY_PHASE_STRIP = NO;
				DEBUG_INFORMATION_FORMAT = "dwarf-with-dsym";
				ENABLE_NS_ASSERTIONS = NO;
				ENABLE_STRICT_OBJC_MSGSEND = YES;
				GCC_C_LANGUAGE_STANDARD = gnu11;
				GCC_NO_COMMON_BLOCKS = YES;
				GCC_WARN_64_TO_32_BIT_CONVERSION = YES;
				GCC_WARN_ABOUT_RETURN_TYPE = YES_ERROR;
				GCC_WARN_UNDECLARED_SELECTOR = YES;
				GCC_WARN_UNINITIALIZED_AUTOS = YES_AGGRESSIVE;
				GCC_WARN_UNUSED_FUNCTION = YES;
				GCC_WARN_UNUSED_VARIABLE = YES;
				IPHONEOS_DEPLOYMENT_TARGET = 14.5;
				MTL_ENABLE_DEBUG_INFO = NO;
				MTL_FAST_MATH = YES;
				SDKROOT = iphoneos;
				SWIFT_COMPILATION_MODE = wholemodule;
				SWIFT_OPTIMIZATION_LEVEL = "-O";
				VALIDATE_PRODUCT = YES;
			};
			name = Release;
		};
		29F2F02127026005008871B3 /* Debug */ = {
			isa = XCBuildConfiguration;
			buildSettings = {
				ASSETCATALOG_COMPILER_APPICON_NAME = AppIcon;
				ASSETCATALOG_COMPILER_GLOBAL_ACCENT_COLOR_NAME = AccentColor;
				CODE_SIGN_STYLE = Automatic;
				DEVELOPMENT_ASSET_PATHS = "\"Freelancer/Preview Content\"";
				DEVELOPMENT_TEAM = BG8NEDT523;
				ENABLE_PREVIEWS = YES;
				INFOPLIST_FILE = Freelancer/Info.plist;
				IPHONEOS_DEPLOYMENT_TARGET = 14.0;
				LD_RUNPATH_SEARCH_PATHS = (
					"$(inherited)",
					"@executable_path/Frameworks",
				);
				PRODUCT_BUNDLE_IDENTIFIER = com.daniel.mark.kiss.Freelancer;
				PRODUCT_NAME = "$(TARGET_NAME)";
				SWIFT_VERSION = 5.0;
				TARGETED_DEVICE_FAMILY = "1,2";
			};
			name = Debug;
		};
		29F2F02227026005008871B3 /* Release */ = {
			isa = XCBuildConfiguration;
			buildSettings = {
				ASSETCATALOG_COMPILER_APPICON_NAME = AppIcon;
				ASSETCATALOG_COMPILER_GLOBAL_ACCENT_COLOR_NAME = AccentColor;
				CODE_SIGN_STYLE = Automatic;
				DEVELOPMENT_ASSET_PATHS = "\"Freelancer/Preview Content\"";
				DEVELOPMENT_TEAM = BG8NEDT523;
				ENABLE_PREVIEWS = YES;
				INFOPLIST_FILE = Freelancer/Info.plist;
				IPHONEOS_DEPLOYMENT_TARGET = 14.0;
				LD_RUNPATH_SEARCH_PATHS = (
					"$(inherited)",
					"@executable_path/Frameworks",
				);
				PRODUCT_BUNDLE_IDENTIFIER = com.daniel.mark.kiss.Freelancer;
				PRODUCT_NAME = "$(TARGET_NAME)";
				SWIFT_VERSION = 5.0;
				TARGETED_DEVICE_FAMILY = "1,2";
			};
			name = Release;
		};
/* End XCBuildConfiguration section */

/* Begin XCConfigurationList section */
		29F2F00C27026003008871B3 /* Build configuration list for PBXProject "Freelancer" */ = {
			isa = XCConfigurationList;
			buildConfigurations = (
				29F2F01E27026005008871B3 /* Debug */,
				29F2F01F27026005008871B3 /* Release */,
			);
			defaultConfigurationIsVisible = 0;
			defaultConfigurationName = Release;
		};
		29F2F02027026005008871B3 /* Build configuration list for PBXNativeTarget "Freelancer" */ = {
			isa = XCConfigurationList;
			buildConfigurations = (
				29F2F02127026005008871B3 /* Debug */,
				29F2F02227026005008871B3 /* Release */,
			);
			defaultConfigurationIsVisible = 0;
			defaultConfigurationName = Release;
		};
/* End XCConfigurationList section */
	};
	rootObject = 29F2F00927026003008871B3 /* Project object */;
}
